Microsoft Visual Studio Solution File, Format Version 12.00
# Visual Studio Version 17
VisualStudioVersion = 17.5.2.0
MinimumVisualStudioVersion = 10.0.40219.1
Project("{FAE04EC0-301F-11D3-BF4B-00C04F79EFBC}") = "PeminjamRuangAPI", "PeminjamRuangAPI\PeminjamRuangAPI.csproj", "{EE56A2B0-70DD-A335-FF2D-CE8B3F93C107}"
EndProject
Global
	GlobalSection(SolutionConfigurationPlatforms) = preSolution
		Debug|Any CPU = Debug|Any CPU
		Release|Any CPU = Release|Any CPU
	EndGlobalSection
	GlobalSection(ProjectConfigurationPlatforms) = postSolution
		{EE56A2B0-70DD-A335-FF2D-CE8B3F93C107}.Debug|Any CPU.ActiveCfg = Debug|Any CPU
		{EE56A2B0-70DD-A335-FF2D-CE8B3F93C107}.Debug|Any CPU.Build.0 = Debug|Any CPU
		{EE56A2B0-70DD-A335-FF2D-CE8B3F93C107}.Release|Any CPU.ActiveCfg = Release|Any CPU
		{EE56A2B0-70DD-A335-FF2D-CE8B3F93C107}.Release|Any CPU.Build.0 = Release|Any CPU
	EndGlobalSection
	GlobalSection(SolutionProperties) = preSolution
		HideSolutionNode = FALSE
	EndGlobalSection
	GlobalSection(ExtensibilityGlobals) = postSolution
		SolutionGuid = {3FBBC598-1695-42F6-80A6-67A45408A8DF}
	EndGlobalSection
EndGlobal
